// !$*UTF8*$!
{
	archiveVersion = 1;
	classes = {
	};
	objectVersion = 51;
	objects = {

/* Begin PBXBuildFile section */
		226DE3B58B3DED9D8CCD5A02 /* Pods_MVVMAgainTests.framework in Frameworks */ = {isa = PBXBuildFile; fileRef = 689EF849DA27E38FF02B4E96 /* Pods_MVVMAgainTests.framework */; };
		498048B322B39E18003E88BB /* AppDelegate.swift in Sources */ = {isa = PBXBuildFile; fileRef = 498048B222B39E18003E88BB /* AppDelegate.swift */; };
		498048B522B39E18003E88BB /* UserListViewController.swift in Sources */ = {isa = PBXBuildFile; fileRef = 498048B422B39E18003E88BB /* UserListViewController.swift */; };
		498048B822B39E18003E88BB /* Main.storyboard in Resources */ = {isa = PBXBuildFile; fileRef = 498048B622B39E18003E88BB /* Main.storyboard */; };
		498048BA22B39E19003E88BB /* Assets.xcassets in Resources */ = {isa = PBXBuildFile; fileRef = 498048B922B39E19003E88BB /* Assets.xcassets */; };
		498048BD22B39E19003E88BB /* LaunchScreen.storyboard in Resources */ = {isa = PBXBuildFile; fileRef = 498048BB22B39E19003E88BB /* LaunchScreen.storyboard */; };
		498048C822B39E1A003E88BB /* MVVMAgainTests.swift in Sources */ = {isa = PBXBuildFile; fileRef = 498048C722B39E1A003E88BB /* MVVMAgainTests.swift */; };
		498048DC22B3A44A003E88BB /* UserTableViewCell.swift in Sources */ = {isa = PBXBuildFile; fileRef = 498048DB22B3A44A003E88BB /* UserTableViewCell.swift */; };
		498048DE22B3A920003E88BB /* DataService.swift in Sources */ = {isa = PBXBuildFile; fileRef = 498048DD22B3A920003E88BB /* DataService.swift */; };
		498048E022B3A97D003E88BB /* User.swift in Sources */ = {isa = PBXBuildFile; fileRef = 498048DF22B3A97D003E88BB /* User.swift */; };
		498048E322B3B35A003E88BB /* UserViewModel.swift in Sources */ = {isa = PBXBuildFile; fileRef = 498048E222B3B35A003E88BB /* UserViewModel.swift */; };
		D24EEC57B39FB782CA27F36F /* Pods_MVVMAgain.framework in Frameworks */ = {isa = PBXBuildFile; fileRef = 6176A529358448A4CD0F0B21 /* Pods_MVVMAgain.framework */; };
/* End PBXBuildFile section */

/* Begin PBXContainerItemProxy section */
		498048C422B39E1A003E88BB /* PBXContainerItemProxy */ = {
			isa = PBXContainerItemProxy;
			containerPortal = 498048A722B39E18003E88BB /* Project object */;
			proxyType = 1;
			remoteGlobalIDString = 498048AE22B39E18003E88BB;
			remoteInfo = MVVMAgain;
		};
/* End PBXContainerItemProxy section */

/* Begin PBXFileReference section */
		0C5AA4472985AE6210201DDF /* Pods-MVVMAgainTests.release.xcconfig */ = {isa = PBXFileReference; includeInIndex = 1; lastKnownFileType = text.xcconfig; name = "Pods-MVVMAgainTests.release.xcconfig"; path = "Pods/Target Support Files/Pods-MVVMAgainTests/Pods-MVVMAgainTests.release.xcconfig"; sourceTree = "<group>"; };
		12716139A032B1F563D5D97D /* Pods-MVVMAgainTests.debug.xcconfig */ = {isa = PBXFileReference; includeInIndex = 1; lastKnownFileType = text.xcconfig; name = "Pods-MVVMAgainTests.debug.xcconfig"; path = "Pods/Target Support Files/Pods-MVVMAgainTests/Pods-MVVMAgainTests.debug.xcconfig"; sourceTree = "<group>"; };
		379A3AE3CA0E48F455333F62 /* Pods-MVVMAgain.debug.xcconfig */ = {isa = PBXFileReference; includeInIndex = 1; lastKnownFileType = text.xcconfig; name = "Pods-MVVMAgain.debug.xcconfig"; path = "Pods/Target Support Files/Pods-MVVMAgain/Pods-MVVMAgain.debug.xcconfig"; sourceTree = "<group>"; };
		498048AF22B39E18003E88BB /* MVVMAgain.app */ = {isa = PBXFileReference; explicitFileType = wrapper.application; includeInIndex = 0; path = MVVMAgain.app; sourceTree = BUILT_PRODUCTS_DIR; };
		498048B222B39E18003E88BB /* AppDelegate.swift */ = {isa = PBXFileReference; lastKnownFileType = sourcecode.swift; path = AppDelegate.swift; sourceTree = "<group>"; };
		498048B422B39E18003E88BB /* UserListViewController.swift */ = {isa = PBXFileReference; lastKnownFileType = sourcecode.swift; path = UserListViewController.swift; sourceTree = "<group>"; };
		498048B722B39E18003E88BB /* Base */ = {isa = PBXFileReference; lastKnownFileType = file.storyboard; name = Base; path = Base.lproj/Main.storyboard; sourceTree = "<group>"; };
		498048B922B39E19003E88BB /* Assets.xcassets */ = {isa = PBXFileReference; lastKnownFileType = folder.assetcatalog; path = Assets.xcassets; sourceTree = "<group>"; };
		498048BC22B39E19003E88BB /* Base */ = {isa = PBXFileReference; lastKnownFileType = file.storyboard; name = Base; path = Base.lproj/LaunchScreen.storyboard; sourceTree = "<group>"; };
		498048BE22B39E19003E88BB /* Info.plist */ = {isa = PBXFileReference; lastKnownFileType = text.plist.xml; path = Info.plist; sourceTree = "<group>"; };
		498048C322B39E1A003E88BB /* MVVMAgainTests.xctest */ = {isa = PBXFileReference; explicitFileType = wrapper.cfbundle; includeInIndex = 0; path = MVVMAgainTests.xctest; sourceTree = BUILT_PRODUCTS_DIR; };
		498048C722B39E1A003E88BB /* MVVMAgainTests.swift */ = {isa = PBXFileReference; lastKnownFileType = sourcecode.swift; path = MVVMAgainTests.swift; sourceTree = "<group>"; };
		498048C922B39E1A003E88BB /* Info.plist */ = {isa = PBXFileReference; lastKnownFileType = text.plist.xml; path = Info.plist; sourceTree = "<group>"; };
		498048DB22B3A44A003E88BB /* UserTableViewCell.swift */ = {isa = PBXFileReference; lastKnownFileType = sourcecode.swift; path = UserTableViewCell.swift; sourceTree = "<group>"; };
		498048DD22B3A920003E88BB /* DataService.swift */ = {isa = PBXFileReference; lastKnownFileType = sourcecode.swift; path = DataService.swift; sourceTree = "<group>"; };
		498048DF22B3A97D003E88BB /* User.swift */ = {isa = PBXFileReference; lastKnownFileType = sourcecode.swift; path = User.swift; sourceTree = "<group>"; };
		498048E222B3B35A003E88BB /* UserViewModel.swift */ = {isa = PBXFileReference; lastKnownFileType = sourcecode.swift; path = UserViewModel.swift; sourceTree = "<group>"; };
		6176A529358448A4CD0F0B21 /* Pods_MVVMAgain.framework */ = {isa = PBXFileReference; explicitFileType = wrapper.framework; includeInIndex = 0; path = Pods_MVVMAgain.framework; sourceTree = BUILT_PRODUCTS_DIR; };
		689EF849DA27E38FF02B4E96 /* Pods_MVVMAgainTests.framework */ = {isa = PBXFileReference; explicitFileType = wrapper.framework; includeInIndex = 0; path = Pods_MVVMAgainTests.framework; sourceTree = BUILT_PRODUCTS_DIR; };
		EC6F3C12A5194C3AEDE38466 /* Pods-MVVMAgain.release.xcconfig */ = {isa = PBXFileReference; includeInIndex = 1; lastKnownFileType = text.xcconfig; name = "Pods-MVVMAgain.release.xcconfig"; path = "Pods/Target Support Files/Pods-MVVMAgain/Pods-MVVMAgain.release.xcconfig"; sourceTree = "<group>"; };
/* End PBXFileReference section */

/* Begin PBXFrameworksBuildPhase section */
		498048AC22B39E18003E88BB /* Frameworks */ = {
			isa = PBXFrameworksBuildPhase;
			buildActionMask = 2147483647;
			files = (
				D24EEC57B39FB782CA27F36F /* Pods_MVVMAgain.framework in Frameworks */,
			);
			runOnlyForDeploymentPostprocessing = 0;
		};
		498048C022B39E1A003E88BB /* Frameworks */ = {
			isa = PBXFrameworksBuildPhase;
			buildActionMask = 2147483647;
			files = (
				226DE3B58B3DED9D8CCD5A02 /* Pods_MVVMAgainTests.framework in Frameworks */,
			);
			runOnlyForDeploymentPostprocessing = 0;
		};
/* End PBXFrameworksBuildPhase section */

/* Begin PBXGroup section */
		2B43B84DC188F83CCDBB53F8 /* Frameworks */ = {
			isa = PBXGroup;
			children = (
				6176A529358448A4CD0F0B21 /* Pods_MVVMAgain.framework */,
				689EF849DA27E38FF02B4E96 /* Pods_MVVMAgainTests.framework */,
			);
			name = Frameworks;
			sourceTree = "<group>";
		};
		498048A622B39E18003E88BB = {
			isa = PBXGroup;
			children = (
				498048B122B39E18003E88BB /* MVVMAgain */,
				498048C622B39E1A003E88BB /* MVVMAgainTests */,
				498048B022B39E18003E88BB /* Products */,
				6490DAE2D42398968A63E605 /* Pods */,
				2B43B84DC188F83CCDBB53F8 /* Frameworks */,
			);
			sourceTree = "<group>";
		};
		498048B022B39E18003E88BB /* Products */ = {
			isa = PBXGroup;
			children = (
				498048AF22B39E18003E88BB /* MVVMAgain.app */,
				498048C322B39E1A003E88BB /* MVVMAgainTests.xctest */,
			);
			name = Products;
			sourceTree = "<group>";
		};
		498048B122B39E18003E88BB /* MVVMAgain */ = {
			isa = PBXGroup;
			children = (
				49ABB71825D2958100A16D49 /* Platforms */,
				49ABB70D25D2941500A16D49 /* Domain */,
				49ABB70E25D2942600A16D49 /* Features */,
				49ABB71025D2944200A16D49 /* Resources */,
				49ABB70F25D2942D00A16D49 /* Common */,
			);
			path = MVVMAgain;
			sourceTree = "<group>";
		};
		498048C622B39E1A003E88BB /* MVVMAgainTests */ = {
			isa = PBXGroup;
			children = (
				498048C722B39E1A003E88BB /* MVVMAgainTests.swift */,
				498048C922B39E1A003E88BB /* Info.plist */,
			);
			path = MVVMAgainTests;
			sourceTree = "<group>";
		};
		498048D522B39EE2003E88BB /* Model */ = {
			isa = PBXGroup;
			children = (
				498048DF22B3A97D003E88BB /* User.swift */,
			);
			path = Model;
			sourceTree = "<group>";
		};
		498048D622B39EEC003E88BB /* Network */ = {
			isa = PBXGroup;
			children = (
				498048DD22B3A920003E88BB /* DataService.swift */,
			);
			path = Network;
			sourceTree = "<group>";
		};
		498048D822B39F05003E88BB /* ViewCell */ = {
			isa = PBXGroup;
			children = (
				498048DB22B3A44A003E88BB /* UserTableViewCell.swift */,
			);
			path = ViewCell;
			sourceTree = "<group>";
		};
		498048D922B39F69003E88BB /* Storyboard */ = {
			isa = PBXGroup;
			children = (
				498048B622B39E18003E88BB /* Main.storyboard */,
				498048BB22B39E19003E88BB /* LaunchScreen.storyboard */,
			);
			path = Storyboard;
			sourceTree = "<group>";
		};
		49ABB70D25D2941500A16D49 /* Domain */ = {
			isa = PBXGroup;
			children = (
				498048D522B39EE2003E88BB /* Model */,
			);
			path = Domain;
			sourceTree = "<group>";
		};
		49ABB70E25D2942600A16D49 /* Features */ = {
			isa = PBXGroup;
			children = (
				49ABB71525D2951600A16D49 /* UserList */,
			);
			path = Features;
			sourceTree = "<group>";
		};
		49ABB70F25D2942D00A16D49 /* Common */ = {
			isa = PBXGroup;
			children = (
			);
			path = Common;
			sourceTree = "<group>";
		};
		49ABB71025D2944200A16D49 /* Resources */ = {
			isa = PBXGroup;
			children = (
				498048D922B39F69003E88BB /* Storyboard */,
				498048B922B39E19003E88BB /* Assets.xcassets */,
				498048B222B39E18003E88BB /* AppDelegate.swift */,
				498048BE22B39E19003E88BB /* Info.plist */,
			);
			path = Resources;
			sourceTree = "<group>";
		};
		49ABB71525D2951600A16D49 /* UserList */ = {
			isa = PBXGroup;
			children = (
				498048D822B39F05003E88BB /* ViewCell */,
				498048B422B39E18003E88BB /* UserListViewController.swift */,
				498048E222B3B35A003E88BB /* UserViewModel.swift */,
			);
			path = UserList;
			sourceTree = "<group>";
		};
		49ABB71825D2958100A16D49 /* Platforms */ = {
			isa = PBXGroup;
			children = (
				498048D622B39EEC003E88BB /* Network */,
			);
			path = Platforms;
			sourceTree = "<group>";
		};
		6490DAE2D42398968A63E605 /* Pods */ = {
			isa = PBXGroup;
			children = (
				379A3AE3CA0E48F455333F62 /* Pods-MVVMAgain.debug.xcconfig */,
				EC6F3C12A5194C3AEDE38466 /* Pods-MVVMAgain.release.xcconfig */,
				12716139A032B1F563D5D97D /* Pods-MVVMAgainTests.debug.xcconfig */,
				0C5AA4472985AE6210201DDF /* Pods-MVVMAgainTests.release.xcconfig */,
			);
			name = Pods;
			sourceTree = "<group>";
		};
/* End PBXGroup section */

/* Begin PBXNativeTarget section */
		498048AE22B39E18003E88BB /* MVVMAgain */ = {
			isa = PBXNativeTarget;
			buildConfigurationList = 498048CC22B39E1A003E88BB /* Build configuration list for PBXNativeTarget "MVVMAgain" */;
			buildPhases = (
				24C10C9A383C61A8912B4223 /* [CP] Check Pods Manifest.lock */,
				498048AB22B39E18003E88BB /* Sources */,
				498048AC22B39E18003E88BB /* Frameworks */,
				498048AD22B39E18003E88BB /* Resources */,
				0CF992B27B8283A14898771A /* [CP] Embed Pods Frameworks */,
			);
			buildRules = (
			);
			dependencies = (
			);
			name = MVVMAgain;
			productName = MVVMAgain;
			productReference = 498048AF22B39E18003E88BB /* MVVMAgain.app */;
			productType = "com.apple.product-type.application";
		};
		498048C222B39E1A003E88BB /* MVVMAgainTests */ = {
			isa = PBXNativeTarget;
			buildConfigurationList = 498048CF22B39E1A003E88BB /* Build configuration list for PBXNativeTarget "MVVMAgainTests" */;
			buildPhases = (
				78173C269DCEF5545041152E /* [CP] Check Pods Manifest.lock */,
				498048BF22B39E1A003E88BB /* Sources */,
				498048C022B39E1A003E88BB /* Frameworks */,
				498048C122B39E1A003E88BB /* Resources */,
			);
			buildRules = (
			);
			dependencies = (
				498048C522B39E1A003E88BB /* PBXTargetDependency */,
			);
			name = MVVMAgainTests;
			productName = MVVMAgainTests;
			productReference = 498048C322B39E1A003E88BB /* MVVMAgainTests.xctest */;
			productType = "com.apple.product-type.bundle.unit-test";
		};
/* End PBXNativeTarget section */

/* Begin PBXProject section */
		498048A722B39E18003E88BB /* Project object */ = {
			isa = PBXProject;
			attributes = {
				LastSwiftUpdateCheck = 1010;
				LastUpgradeCheck = 1010;
				ORGANIZATIONNAME = Vuong;
				TargetAttributes = {
					498048AE22B39E18003E88BB = {
						CreatedOnToolsVersion = 10.1;
					};
					498048C222B39E1A003E88BB = {
						CreatedOnToolsVersion = 10.1;
						TestTargetID = 498048AE22B39E18003E88BB;
					};
				};
			};
			buildConfigurationList = 498048AA22B39E18003E88BB /* Build configuration list for PBXProject "MVVMAgain" */;
			compatibilityVersion = "Xcode 9.3";
			developmentRegion = en;
			hasScannedForEncodings = 0;
			knownRegions = (
				en,
				Base,
			);
			mainGroup = 498048A622B39E18003E88BB;
			productRefGroup = 498048B022B39E18003E88BB /* Products */;
			projectDirPath = "";
			projectRoot = "";
			targets = (
				498048AE22B39E18003E88BB /* MVVMAgain */,
				498048C222B39E1A003E88BB /* MVVMAgainTests */,
			);
		};
/* End PBXProject section */

/* Begin PBXResourcesBuildPhase section */
		498048AD22B39E18003E88BB /* Resources */ = {
			isa = PBXResourcesBuildPhase;
			buildActionMask = 2147483647;
			files = (
				498048BD22B39E19003E88BB /* LaunchScreen.storyboard in Resources */,
				498048BA22B39E19003E88BB /* Assets.xcassets in Resources */,
				498048B822B39E18003E88BB /* Main.storyboard in Resources */,
			);
			runOnlyForDeploymentPostprocessing = 0;
		};
		498048C122B39E1A003E88BB /* Resources */ = {
			isa = PBXResourcesBuildPhase;
			buildActionMask = 2147483647;
			files = (
			);
			runOnlyForDeploymentPostprocessing = 0;
		};
/* End PBXResourcesBuildPhase section */

/* Begin PBXShellScriptBuildPhase section */
		0CF992B27B8283A14898771A /* [CP] Embed Pods Frameworks */ = {
			isa = PBXShellScriptBuildPhase;
			buildActionMask = 2147483647;
			files = (
			);
			inputFileListPaths = (
				"${PODS_ROOT}/Target Support Files/Pods-MVVMAgain/Pods-MVVMAgain-frameworks-${CONFIGURATION}-input-files.xcfilelist",
			);
			name = "[CP] Embed Pods Frameworks";
			outputFileListPaths = (
				"${PODS_ROOT}/Target Support Files/Pods-MVVMAgain/Pods-MVVMAgain-frameworks-${CONFIGURATION}-output-files.xcfilelist",
			);
			runOnlyForDeploymentPostprocessing = 0;
			shellPath = /bin/sh;
			shellScript = "\"${PODS_ROOT}/Target Support Files/Pods-MVVMAgain/Pods-MVVMAgain-frameworks.sh\"\n";
			showEnvVarsInLog = 0;
		};
		24C10C9A383C61A8912B4223 /* [CP] Check Pods Manifest.lock */ = {
			isa = PBXShellScriptBuildPhase;
			buildActionMask = 2147483647;
			files = (
			);
			inputPaths = (
				"${PODS_PODFILE_DIR_PATH}/Podfile.lock",
				"${PODS_ROOT}/Manifest.lock",
			);
			name = "[CP] Check Pods Manifest.lock";
			outputPaths = (
				"$(DERIVED_FILE_DIR)/Pods-MVVMAgain-checkManifestLockResult.txt",
			);
			runOnlyForDeploymentPostprocessing = 0;
			shellPath = /bin/sh;
			shellScript = "diff \"${PODS_PODFILE_DIR_PATH}/Podfile.lock\" \"${PODS_ROOT}/Manifest.lock\" > /dev/null\nif [ $? != 0 ] ; then\n    # print error to STDERR\n    echo \"error: The sandbox is not in sync with the Podfile.lock. Run 'pod install' or update your CocoaPods installation.\" >&2\n    exit 1\nfi\n# This output is used by Xcode 'outputs' to avoid re-running this script phase.\necho \"SUCCESS\" > \"${SCRIPT_OUTPUT_FILE_0}\"\n";
			showEnvVarsInLog = 0;
		};
		78173C269DCEF5545041152E /* [CP] Check Pods Manifest.lock */ = {
			isa = PBXShellScriptBuildPhase;
			buildActionMask = 2147483647;
			files = (
			);
			inputPaths = (
				"${PODS_PODFILE_DIR_PATH}/Podfile.lock",
				"${PODS_ROOT}/Manifest.lock",
			);
			name = "[CP] Check Pods Manifest.lock";
			outputPaths = (
				"$(DERIVED_FILE_DIR)/Pods-MVVMAgainTests-checkManifestLockResult.txt",
			);
			runOnlyForDeploymentPostprocessing = 0;
			shellPath = /bin/sh;
			shellScript = "diff \"${PODS_PODFILE_DIR_PATH}/Podfile.lock\" \"${PODS_ROOT}/Manifest.lock\" > /dev/null\nif [ $? != 0 ] ; then\n    # print error to STDERR\n    echo \"error: The sandbox is not in sync with the Podfile.lock. Run 'pod install' or update your CocoaPods installation.\" >&2\n    exit 1\nfi\n# This output is used by Xcode 'outputs' to avoid re-running this script phase.\necho \"SUCCESS\" > \"${SCRIPT_OUTPUT_FILE_0}\"\n";
			showEnvVarsInLog = 0;
		};
/* End PBXShellScriptBuildPhase section */

/* Begin PBXSourcesBuildPhase section */
		498048AB22B39E18003E88BB /* Sources */ = {
			isa = PBXSourcesBuildPhase;
			buildActionMask = 2147483647;
			files = (
				498048B522B39E18003E88BB /* UserListViewController.swift in Sources */,
				498048E322B3B35A003E88BB /* UserViewModel.swift in Sources */,
				498048B322B39E18003E88BB /* AppDelegate.swift in Sources */,
				498048DC22B3A44A003E88BB /* UserTableViewCell.swift in Sources */,
				498048E022B3A97D003E88BB /* User.swift in Sources */,
				498048DE22B3A920003E88BB /* DataService.swift in Sources */,
			);
			runOnlyForDeploymentPostprocessing = 0;
		};
		498048BF22B39E1A003E88BB /* Sources */ = {
			isa = PBXSourcesBuildPhase;
			buildActionMask = 2147483647;
			files = (
				498048C822B39E1A003E88BB /* MVVMAgainTests.swift in Sources */,
			);
			runOnlyForDeploymentPostprocessing = 0;
		};
/* End PBXSourcesBuildPhase section */

/* Begin PBXTargetDependency section */
		498048C522B39E1A003E88BB /* PBXTargetDependency */ = {
			isa = PBXTargetDependency;
			target = 498048AE22B39E18003E88BB /* MVVMAgain */;
			targetProxy = 498048C422B39E1A003E88BB /* PBXContainerItemProxy */;
		};
/* End PBXTargetDependency section */

/* Begin PBXVariantGroup section */
		498048B622B39E18003E88BB /* Main.storyboard */ = {
			isa = PBXVariantGroup;
			children = (
				498048B722B39E18003E88BB /* Base */,
			);
			name = Main.storyboard;
			sourceTree = "<group>";
		};
		498048BB22B39E19003E88BB /* LaunchScreen.storyboard */ = {
			isa = PBXVariantGroup;
			children = (
				498048BC22B39E19003E88BB /* Base */,
			);
			name = LaunchScreen.storyboard;
			sourceTree = "<group>";
		};
/* End PBXVariantGroup section */

/* Begin XCBuildConfiguration section */
		498048CA22B39E1A003E88BB /* Debug */ = {
			isa = XCBuildConfiguration;
			buildSettings = {
				ALWAYS_SEARCH_USER_PATHS = NO;
				CLANG_ANALYZER_NONNULL = YES;
				CLANG_ANALYZER_NUMBER_OBJECT_CONVERSION = YES_AGGRESSIVE;
				CLANG_CXX_LANGUAGE_STANDARD = "gnu++14";
				CLANG_CXX_LIBRARY = "libc++";
				CLANG_ENABLE_MODULES = YES;
				CLANG_ENABLE_OBJC_ARC = YES;
				CLANG_ENABLE_OBJC_WEAK = YES;
				CLANG_WARN_BLOCK_CAPTURE_AUTORELEASING = YES;
				CLANG_WARN_BOOL_CONVERSION = YES;
				CLANG_WARN_COMMA = YES;
				CLANG_WARN_CONSTANT_CONVERSION = YES;
				CLANG_WARN_DEPRECATED_OBJC_IMPLEMENTATIONS = YES;
				CLANG_WARN_DIRECT_OBJC_ISA_USAGE = YES_ERROR;
				CLANG_WARN_DOCUMENTATION_COMMENTS = YES;
				CLANG_WARN_EMPTY_BODY = YES;
				CLANG_WARN_ENUM_CONVERSION = YES;
				CLANG_WARN_INFINITE_RECURSION = YES;
				CLANG_WARN_INT_CONVERSION = YES;
				CLANG_WARN_NON_LITERAL_NULL_CONVERSION = YES;
				CLANG_WARN_OBJC_IMPLICIT_RETAIN_SELF = YES;
				CLANG_WARN_OBJC_LITERAL_CONVERSION = YES;
				CLANG_WARN_OBJC_ROOT_CLASS = YES_ERROR;
				CLANG_WARN_RANGE_LOOP_ANALYSIS = YES;
				CLANG_WARN_STRICT_PROTOTYPES = YES;
				CLANG_WARN_SUSPICIOUS_MOVE = YES;
				CLANG_WARN_UNGUARDED_AVAILABILITY = YES_AGGRESSIVE;
				CLANG_WARN_UNREACHABLE_CODE = YES;
				CLANG_WARN__DUPLICATE_METHOD_MATCH = YES;
				CODE_SIGN_IDENTITY = "iPhone Developer";
				COPY_PHASE_STRIP = NO;
				DEBUG_INFORMATION_FORMAT = dwarf;
				ENABLE_STRICT_OBJC_MSGSEND = YES;
				ENABLE_TESTABILITY = YES;
				GCC_C_LANGUAGE_STANDARD = gnu11;
				GCC_DYNAMIC_NO_PIC = NO;
				GCC_NO_COMMON_BLOCKS = YES;
				GCC_OPTIMIZATION_LEVEL = 0;
				GCC_PREPROCESSOR_DEFINITIONS = (
					"DEBUG=1",
					"$(inherited)",
				);
				GCC_WARN_64_TO_32_BIT_CONVERSION = YES;
				GCC_WARN_ABOUT_RETURN_TYPE = YES_ERROR;
				GCC_WARN_UNDECLARED_SELECTOR = YES;
				GCC_WARN_UNINITIALIZED_AUTOS = YES_AGGRESSIVE;
				GCC_WARN_UNUSED_FUNCTION = YES;
				GCC_WARN_UNUSED_VARIABLE = YES;
				IPHONEOS_DEPLOYMENT_TARGET = 12.1;
				MTL_ENABLE_DEBUG_INFO = INCLUDE_SOURCE;
				MTL_FAST_MATH = YES;
				ONLY_ACTIVE_ARCH = YES;
				SDKROOT = iphoneos;
				SWIFT_ACTIVE_COMPILATION_CONDITIONS = DEBUG;
				SWIFT_OPTIMIZATION_LEVEL = "-Onone";
			};
			name = Debug;
		};
		498048CB22B39E1A003E88BB /* Release */ = {
			isa = XCBuildConfiguration;
			buildSettings = {
				ALWAYS_SEARCH_USER_PATHS = NO;
				CLANG_ANALYZER_NONNULL = YES;
				CLANG_ANALYZER_NUMBER_OBJECT_CONVERSION = YES_AGGRESSIVE;
				CLANG_CXX_LANGUAGE_STANDARD = "gnu++14";
				CLANG_CXX_LIBRARY = "libc++";
				CLANG_ENABLE_MODULES = YES;
				CLANG_ENABLE_OBJC_ARC = YES;
				CLANG_ENABLE_OBJC_WEAK = YES;
				CLANG_WARN_BLOCK_CAPTURE_AUTORELEASING = YES;
				CLANG_WARN_BOOL_CONVERSION = YES;
				CLANG_WARN_COMMA = YES;
				CLANG_WARN_CONSTANT_CONVERSION = YES;
				CLANG_WARN_DEPRECATED_OBJC_IMPLEMENTATIONS = YES;
				CLANG_WARN_DIRECT_OBJC_ISA_USAGE = YES_ERROR;
				CLANG_WARN_DOCUMENTATION_COMMENTS = YES;
				CLANG_WARN_EMPTY_BODY = YES;
				CLANG_WARN_ENUM_CONVERSION = YES;
				CLANG_WARN_INFINITE_RECURSION = YES;
				CLANG_WARN_INT_CONVERSION = YES;
				CLANG_WARN_NON_LITERAL_NULL_CONVERSION = YES;
				CLANG_WARN_OBJC_IMPLICIT_RETAIN_SELF = YES;
				CLANG_WARN_OBJC_LITERAL_CONVERSION = YES;
				CLANG_WARN_OBJC_ROOT_CLASS = YES_ERROR;
				CLANG_WARN_RANGE_LOOP_ANALYSIS = YES;
				CLANG_WARN_STRICT_PROTOTYPES = YES;
				CLANG_WARN_SUSPICIOUS_MOVE = YES;
				CLANG_WARN_UNGUARDED_AVAILABILITY = YES_AGGRESSIVE;
				CLANG_WARN_UNREACHABLE_CODE = YES;
				CLANG_WARN__DUPLICATE_METHOD_MATCH = YES;
				CODE_SIGN_IDENTITY = "iPhone Developer";
				COPY_PHASE_STRIP = NO;
				DEBUG_INFORMATION_FORMAT = "dwarf-with-dsym";
				ENABLE_NS_ASSERTIONS = NO;
				ENABLE_STRICT_OBJC_MSGSEND = YES;
				GCC_C_LANGUAGE_STANDARD = gnu11;
				GCC_NO_COMMON_BLOCKS = YES;
				GCC_WARN_64_TO_32_BIT_CONVERSION = YES;
				GCC_WARN_ABOUT_RETURN_TYPE = YES_ERROR;
				GCC_WARN_UNDECLARED_SELECTOR = YES;
				GCC_WARN_UNINITIALIZED_AUTOS = YES_AGGRESSIVE;
				GCC_WARN_UNUSED_FUNCTION = YES;
				GCC_WARN_UNUSED_VARIABLE = YES;
				IPHONEOS_DEPLOYMENT_TARGET = 12.1;
				MTL_ENABLE_DEBUG_INFO = NO;
				MTL_FAST_MATH = YES;
				SDKROOT = iphoneos;
				SWIFT_COMPILATION_MODE = wholemodule;
				SWIFT_OPTIMIZATION_LEVEL = "-O";
				VALIDATE_PRODUCT = YES;
			};
			name = Release;
		};
		498048CD22B39E1A003E88BB /* Debug */ = {
			isa = XCBuildConfiguration;
			baseConfigurationReference = 379A3AE3CA0E48F455333F62 /* Pods-MVVMAgain.debug.xcconfig */;
			buildSettings = {
				ASSETCATALOG_COMPILER_APPICON_NAME = AppIcon;
				CODE_SIGN_STYLE = Automatic;
				INFOPLIST_FILE = MVVMAgain/Resources/Info.plist;
				LD_RUNPATH_SEARCH_PATHS = (
					"$(inherited)",
					"@executable_path/Frameworks",
				);
				PRODUCT_BUNDLE_IDENTIFIER = vuong.MVVMAgain;
				PRODUCT_NAME = "$(TARGET_NAME)";
				SWIFT_VERSION = 4.2;
				TARGETED_DEVICE_FAMILY = "1,2";
			};
			name = Debug;
		};
		498048CE22B39E1A003E88BB /* Release */ = {
			isa = XCBuildConfiguration;
			baseConfigurationReference = EC6F3C12A5194C3AEDE38466 /* Pods-MVVMAgain.release.xcconfig */;
			buildSettings = {
				ASSETCATALOG_COMPILER_APPICON_NAME = AppIcon;
				CODE_SIGN_STYLE = Automatic;
				INFOPLIST_FILE = MVVMAgain/Resources/Info.plist;
				LD_RUNPATH_SEARCH_PATHS = (
					"$(inherited)",
					"@executable_path/Frameworks",
				);
				PRODUCT_BUNDLE_IDENTIFIER = vuong.MVVMAgain;
				PRODUCT_NAME = "$(TARGET_NAME)";
				SWIFT_VERSION = 4.2;
				TARGETED_DEVICE_FAMILY = "1,2";
			};
			name = Release;
		};
		498048D022B39E1A003E88BB /* Debug */ = {
			isa = XCBuildConfiguration;
			baseConfigurationReference = 12716139A032B1F563D5D97D /* Pods-MVVMAgainTests.debug.xcconfig */;
			buildSettings = {
				ALWAYS_EMBED_SWIFT_STANDARD_LIBRARIES = YES;
				BUNDLE_LOADER = "$(TEST_HOST)";
				CODE_SIGN_STYLE = Automatic;
				INFOPLIST_FILE = MVVMAgainTests/Info.plist;
				LD_RUNPATH_SEARCH_PATHS = (
					"$(inherited)",
					"@executable_path/Frameworks",
					"@loader_path/Frameworks",
				);
				PRODUCT_BUNDLE_IDENTIFIER = vuong.handsome.MVVMAgainTests;
				PRODUCT_NAME = "$(TARGET_NAME)";
				SWIFT_VERSION = 4.2;
				TARGETED_DEVICE_FAMILY = "1,2";
				TEST_HOST = "$(BUILT_PRODUCTS_DIR)/MVVMAgain.app/MVVMAgain";
			};
			name = Debug;
		};
		498048D122B39E1A003E88BB /* Release */ = {
			isa = XCBuildConfiguration;
			baseConfigurationReference = 0C5AA4472985AE6210201DDF /* Pods-MVVMAgainTests.release.xcconfig */;
			buildSettings = {
				ALWAYS_EMBED_SWIFT_STANDARD_LIBRARIES = YES;
				BUNDLE_LOADER = "$(TEST_HOST)";
				CODE_SIGN_STYLE = Automatic;
				INFOPLIST_FILE = MVVMAgainTests/Info.plist;
				LD_RUNPATH_SEARCH_PATHS = (
					"$(inherited)",
					"@executable_path/Frameworks",
					"@loader_path/Frameworks",
				);
				PRODUCT_BUNDLE_IDENTIFIER = vuong.handsome.MVVMAgainTests;
				PRODUCT_NAME = "$(TARGET_NAME)";
				SWIFT_VERSION = 4.2;
				TARGETED_DEVICE_FAMILY = "1,2";
				TEST_HOST = "$(BUILT_PRODUCTS_DIR)/MVVMAgain.app/MVVMAgain";
			};
			name = Release;
		};
/* End XCBuildConfiguration section */

/* Begin XCConfigurationList section */
		498048AA22B39E18003E88BB /* Build configuration list for PBXProject "MVVMAgain" */ = {
			isa = XCConfigurationList;
			buildConfigurations = (
				498048CA22B39E1A003E88BB /* Debug */,
				498048CB22B39E1A003E88BB /* Release */,
			);
			defaultConfigurationIsVisible = 0;
			defaultConfigurationName = Release;
		};
		498048CC22B39E1A003E88BB /* Build configuration list for PBXNativeTarget "MVVMAgain" */ = {
			isa = XCConfigurationList;
			buildConfigurations = (
				498048CD22B39E1A003E88BB /* Debug */,
				498048CE22B39E1A003E88BB /* Release */,
			);
			defaultConfigurationIsVisible = 0;
			defaultConfigurationName = Release;
		};
		498048CF22B39E1A003E88BB /* Build configuration list for PBXNativeTarget "MVVMAgainTests" */ = {
			isa = XCConfigurationList;
			buildConfigurations = (
				498048D022B39E1A003E88BB /* Debug */,
				498048D122B39E1A003E88BB /* Release */,
			);
			defaultConfigurationIsVisible = 0;
			defaultConfigurationName = Release;
		};
/* End XCConfigurationList section */
	};
	rootObject = 498048A722B39E18003E88BB /* Project object */;
}
